# This file is automatically @generated by Cargo.
# It is not intended for manual editing.
version = 4

[[package]]
name = "core"
version = "0.1.0"

[[package]]
name = "dll_loader"
version = "0.1.0"
dependencies = [
 "core",
]

[[package]]
name = "from_vba"
version = "0.1.0"
dependencies = [
 "core",
]
